{
  "source_commit": "ddcc8d02dbfe075fc9b801d3c0d78b9438beac05",
  "working_tree_dirty": true,
  "generated_at": "2026-08-15T09:31:20Z",
  "scanned_scope": [
    "."
  ],
  "excluded_directories": [
    ".cache",
    ".git",
    ".hg",
    ".next",
    ".nuxt",
    ".scratch",
    ".svn",
    ".turbo",
    ".venv",
    "__pycache__",
    "build",
    "coverage",
    "dist",
    "docs/codemap",
    "generated",
    "node_modules",
    "out",
    "target",
    "vendor",
    "venv"
  ],
  "fingerprint_algorithm": "sha256-path-content-v1",
  "modules": [
    {
      "id": ".",
      "path": ".",
      "file_count": 12,
      "fingerprint": "1f87df0a6a649ee0ed98bb5bcbb5a919a8be5ff2e522532644bd30db734a8348"
    },
    {
      "id": ".github",
      "path": ".github",
      "file_count": 2,
      "fingerprint": "b80dcbca7a2c78cd21c5aaef7056a32b62eff823b225b0949eafb0db185f068f"
    },
    {
      "id": ".vscode",
      "path": ".vscode",
      "file_count": 2,
      "fingerprint": "fffa41ed98d12690f566b27f35ac4af603097c203df6c2f128b493d31897a4c3"
    },
    {
      "id": "docs",
      "path": "docs",
      "file_count": 14,
      "fingerprint": "5dce5c36788120650987983fe50e4adc0c7f2c57420c06c156cbc03da0f02b0e"
    },
    {
      "id": "public",
      "path": "public",
      "file_count": 1,
      "fingerprint": "0db691febec050ecb8eee2822d6946754cfb5b94d17ab04212757684abac6eb5"
    },
    {
      "id": "scripts",
      "path": "scripts",
      "file_count": 2,
      "fingerprint": "8497f651e1e6d9a4cd38b5772345abf1c16ee57b3c2a8e90a3f68b3eb2676939"
    },
    {
      "id": "src",
      "path": "src",
      "file_count": 129,
      "fingerprint": "3bdc082ba6bf08c8ff914e791ac25f853d79dc8aedc1a0608dfa69b6efc99cd2"
    }
  ]
}
