{
  "source_commit": "226bd39e17abaac8e8605216198d20676d972657",
  "working_tree_dirty": false,
  "generated_at": "2026-08-26T21:15:00Z",
  "scanned_scope": [
    "."
  ],
  "excluded_directories": [
    ".agents",
    ".cache",
    ".git",
    ".hg",
    ".next",
    ".nuxt",
    ".obsidian",
    ".svn",
    ".turbo",
    ".venv",
    ".vscode",
    "__pycache__",
    "build",
    "coverage",
    "dist",
    "docs/codemap",
    "generated",
    "node_modules",
    "out",
    "target",
    "vendor",
    "venv"
  ],
  "fingerprint_algorithm": "sha256-path-content-v2",
  "modules": [
    {
      "id": ".",
      "path": ".",
      "file_count": 12,
      "fingerprint": "dab0d8e66de4c3c49bb26ab2ec369a3670d08caf8f367ceefcc21f867b3b94f0"
    },
    {
      "id": ".github",
      "path": ".github",
      "file_count": 3,
      "fingerprint": "c93dda554c67fa4e61a79615fa4f5dc1a667b383b42ceb078446cf5e13cf7471"
    },
    {
      "id": "docs",
      "path": "docs",
      "file_count": 20,
      "fingerprint": "e0568fdf0f74527dfc779bff753c16fdee7636c02382dd32093fd2087c60d553"
    },
    {
      "id": "public",
      "path": "public",
      "file_count": 1,
      "fingerprint": "3c85b97caba1d09bb3418675efd88571ec6e685dbfb9f3303964bbfaff2ed990"
    },
    {
      "id": "scripts",
      "path": "scripts",
      "file_count": 2,
      "fingerprint": "dab69678f485efe31825c170deaec0b773020b75d6e6b84c59c39948d33f84fb"
    },
    {
      "id": "src",
      "path": "src",
      "file_count": 82,
      "fingerprint": "87100830313607ea02df705d7b4b31eecf4d180a727bf7f6f280db5ec3b9aeea"
    }
  ]
}
